// !$*UTF8*$!
{
	archiveVersion = 1;
	classes = {
	};
	objectVersion = 55;
	objects = {

/* Begin PBXBuildFile section */
		B2198755283E633A00BB4C96 /* AppDelegate.swift in Sources */ = {isa = PBXBuildFile; fileRef = B2198754283E633A00BB4C96 /* AppDelegate.swift */; };
		B2198759283E633A00BB4C96 /* StocksViewController.swift in Sources */ = {isa = PBXBuildFile; fileRef = B2198758283E633A00BB4C96 /* StocksViewController.swift */; };
		B219875E283E633D00BB4C96 /* Assets.xcassets in Resources */ = {isa = PBXBuildFile; fileRef = B219875D283E633D00BB4C96 /* Assets.xcassets */; };
		B2198761283E633D00BB4C96 /* LaunchScreen.storyboard in Resources */ = {isa = PBXBuildFile; fileRef = B219875F283E633D00BB4C96 /* LaunchScreen.storyboard */; };
		B2198769283E63E300BB4C96 /* StockCell.swift in Sources */ = {isa = PBXBuildFile; fileRef = B2198768283E63E300BB4C96 /* StockCell.swift */; };
		B2B39B222840989E003979F4 /* HTTPMethod.swift in Sources */ = {isa = PBXBuildFile; fileRef = B2B39B212840989E003979F4 /* HTTPMethod.swift */; };
		B2B39B24284098B6003979F4 /* NetworkError.swift in Sources */ = {isa = PBXBuildFile; fileRef = B2B39B23284098B6003979F4 /* NetworkError.swift */; };
		B2B39B26284098D3003979F4 /* Router.swift in Sources */ = {isa = PBXBuildFile; fileRef = B2B39B25284098D3003979F4 /* Router.swift */; };
		B2B39B28284098F5003979F4 /* NetworkService.swift in Sources */ = {isa = PBXBuildFile; fileRef = B2B39B27284098F5003979F4 /* NetworkService.swift */; };
		B2B39B2B28409942003979F4 /* StocksService.swift in Sources */ = {isa = PBXBuildFile; fileRef = B2B39B2A28409942003979F4 /* StocksService.swift */; };
		B2B39B302840ABB8003979F4 /* DetailsViewController.swift in Sources */ = {isa = PBXBuildFile; fileRef = B2B39B2F2840ABB8003979F4 /* DetailsViewController.swift */; };
		B2B39B322840AFAD003979F4 /* View.xib in Resources */ = {isa = PBXBuildFile; fileRef = B2B39B312840AFAD003979F4 /* View.xib */; };
		B2B39B342840C10C003979F4 /* SearchViewController.swift in Sources */ = {isa = PBXBuildFile; fileRef = B2B39B332840C10C003979F4 /* SearchViewController.swift */; };
		B2B39B362840C127003979F4 /* FavoritesViewController.swift in Sources */ = {isa = PBXBuildFile; fileRef = B2B39B352840C127003979F4 /* FavoritesViewController.swift */; };
		B2B39B382840C71E003979F4 /* TabBarViewController.swift in Sources */ = {isa = PBXBuildFile; fileRef = B2B39B372840C71E003979F4 /* TabBarViewController.swift */; };
/* End PBXBuildFile section */

/* Begin PBXFileReference section */
		B2198751283E633A00BB4C96 /* StocksApp.app */ = {isa = PBXFileReference; explicitFileType = wrapper.application; includeInIndex = 0; path = StocksApp.app; sourceTree = BUILT_PRODUCTS_DIR; };
		B2198754283E633A00BB4C96 /* AppDelegate.swift */ = {isa = PBXFileReference; lastKnownFileType = sourcecode.swift; path = AppDelegate.swift; sourceTree = "<group>"; };
		B2198758283E633A00BB4C96 /* StocksViewController.swift */ = {isa = PBXFileReference; lastKnownFileType = sourcecode.swift; path = StocksViewController.swift; sourceTree = "<group>"; };
		B219875D283E633D00BB4C96 /* Assets.xcassets */ = {isa = PBXFileReference; lastKnownFileType = folder.assetcatalog; path = Assets.xcassets; sourceTree = "<group>"; };
		B2198760283E633D00BB4C96 /* Base */ = {isa = PBXFileReference; lastKnownFileType = file.storyboard; name = Base; path = Base.lproj/LaunchScreen.storyboard; sourceTree = "<group>"; };
		B2198762283E633D00BB4C96 /* Info.plist */ = {isa = PBXFileReference; lastKnownFileType = text.plist.xml; path = Info.plist; sourceTree = "<group>"; };
		B2198768283E63E300BB4C96 /* StockCell.swift */ = {isa = PBXFileReference; lastKnownFileType = sourcecode.swift; path = StockCell.swift; sourceTree = "<group>"; };
		B2B39B212840989E003979F4 /* HTTPMethod.swift */ = {isa = PBXFileReference; lastKnownFileType = sourcecode.swift; path = HTTPMethod.swift; sourceTree = "<group>"; };
		B2B39B23284098B6003979F4 /* NetworkError.swift */ = {isa = PBXFileReference; lastKnownFileType = sourcecode.swift; path = NetworkError.swift; sourceTree = "<group>"; };
		B2B39B25284098D3003979F4 /* Router.swift */ = {isa = PBXFileReference; lastKnownFileType = sourcecode.swift; path = Router.swift; sourceTree = "<group>"; };
		B2B39B27284098F5003979F4 /* NetworkService.swift */ = {isa = PBXFileReference; lastKnownFileType = sourcecode.swift; path = NetworkService.swift; sourceTree = "<group>"; };
		B2B39B2A28409942003979F4 /* StocksService.swift */ = {isa = PBXFileReference; lastKnownFileType = sourcecode.swift; path = StocksService.swift; sourceTree = "<group>"; };
		B2B39B2F2840ABB8003979F4 /* DetailsViewController.swift */ = {isa = PBXFileReference; lastKnownFileType = sourcecode.swift; path = DetailsViewController.swift; sourceTree = "<group>"; };
		B2B39B312840AFAD003979F4 /* View.xib */ = {isa = PBXFileReference; lastKnownFileType = file.xib; path = View.xib; sourceTree = "<group>"; };
		B2B39B332840C10C003979F4 /* SearchViewController.swift */ = {isa = PBXFileReference; lastKnownFileType = sourcecode.swift; path = SearchViewController.swift; sourceTree = "<group>"; };
		B2B39B352840C127003979F4 /* FavoritesViewController.swift */ = {isa = PBXFileReference; lastKnownFileType = sourcecode.swift; path = FavoritesViewController.swift; sourceTree = "<group>"; };
		B2B39B372840C71E003979F4 /* TabBarViewController.swift */ = {isa = PBXFileReference; lastKnownFileType = sourcecode.swift; path = TabBarViewController.swift; sourceTree = "<group>"; };
/* End PBXFileReference section */

/* Begin PBXFrameworksBuildPhase section */
		B219874E283E633A00BB4C96 /* Frameworks */ = {
			isa = PBXFrameworksBuildPhase;
			buildActionMask = 2147483647;
			files = (
			);
			runOnlyForDeploymentPostprocessing = 0;
		};
/* End PBXFrameworksBuildPhase section */

/* Begin PBXGroup section */
		B2198748283E633A00BB4C96 = {
			isa = PBXGroup;
			children = (
				B2198753283E633A00BB4C96 /* StocksApp */,
				B2198752283E633A00BB4C96 /* Products */,
			);
			sourceTree = "<group>";
		};
		B2198752283E633A00BB4C96 /* Products */ = {
			isa = PBXGroup;
			children = (
				B2198751283E633A00BB4C96 /* StocksApp.app */,
			);
			name = Products;
			sourceTree = "<group>";
		};
		B2198753283E633A00BB4C96 /* StocksApp */ = {
			isa = PBXGroup;
			children = (
				B2B39B1D28409866003979F4 /* Screens */,
				B2198754283E633A00BB4C96 /* AppDelegate.swift */,
				B219875D283E633D00BB4C96 /* Assets.xcassets */,
				B219875F283E633D00BB4C96 /* LaunchScreen.storyboard */,
				B2198762283E633D00BB4C96 /* Info.plist */,
			);
			path = StocksApp;
			sourceTree = "<group>";
		};
		B2B39B1D28409866003979F4 /* Screens */ = {
			isa = PBXGroup;
			children = (
				B2B39B1F28409879003979F4 /* StocksScreen */,
				B2B39B1E28409871003979F4 /* Services */,
			);
			path = Screens;
			sourceTree = "<group>";
		};
		B2B39B1E28409871003979F4 /* Services */ = {
			isa = PBXGroup;
			children = (
				B2B39B2928409929003979F4 /* StocksService */,
				B2B39B2028409888003979F4 /* NetworkService */,
			);
			path = Services;
			sourceTree = "<group>";
		};
		B2B39B1F28409879003979F4 /* StocksScreen */ = {
			isa = PBXGroup;
			children = (
				B2B39B2C2840996D003979F4 /* Model */,
				B2B39B2D28409973003979F4 /* View */,
				B2B39B2E28409977003979F4 /* Presenter */,
			);
			path = StocksScreen;
			sourceTree = "<group>";
		};
		B2B39B2028409888003979F4 /* NetworkService */ = {
			isa = PBXGroup;
			children = (
				B2B39B212840989E003979F4 /* HTTPMethod.swift */,
				B2B39B23284098B6003979F4 /* NetworkError.swift */,
				B2B39B25284098D3003979F4 /* Router.swift */,
				B2B39B27284098F5003979F4 /* NetworkService.swift */,
			);
			path = NetworkService;
			sourceTree = "<group>";
		};
		B2B39B2928409929003979F4 /* StocksService */ = {
			isa = PBXGroup;
			children = (
				B2B39B2A28409942003979F4 /* StocksService.swift */,
			);
			path = StocksService;
			sourceTree = "<group>";
		};
		B2B39B2C2840996D003979F4 /* Model */ = {
			isa = PBXGroup;
			children = (
			);
			path = Model;
			sourceTree = "<group>";
		};
		B2B39B2D28409973003979F4 /* View */ = {
			isa = PBXGroup;
			children = (
				B2B39B372840C71E003979F4 /* TabBarViewController.swift */,
				B2198758283E633A00BB4C96 /* StocksViewController.swift */,
				B2B39B332840C10C003979F4 /* SearchViewController.swift */,
				B2B39B352840C127003979F4 /* FavoritesViewController.swift */,
				B2B39B2F2840ABB8003979F4 /* DetailsViewController.swift */,
				B2198768283E63E300BB4C96 /* StockCell.swift */,
				B2B39B312840AFAD003979F4 /* View.xib */,
			);
			path = View;
			sourceTree = "<group>";
		};
		B2B39B2E28409977003979F4 /* Presenter */ = {
			isa = PBXGroup;
			children = (
			);
			path = Presenter;
			sourceTree = "<group>";
		};
/* End PBXGroup section */

/* Begin PBXNativeTarget section */
		B2198750283E633A00BB4C96 /* StocksApp */ = {
			isa = PBXNativeTarget;
			buildConfigurationList = B2198765283E633D00BB4C96 /* Build configuration list for PBXNativeTarget "StocksApp" */;
			buildPhases = (
				B219874D283E633A00BB4C96 /* Sources */,
				B219874E283E633A00BB4C96 /* Frameworks */,
				B219874F283E633A00BB4C96 /* Resources */,
			);
			buildRules = (
			);
			dependencies = (
			);
			name = StocksApp;
			productName = StocksApp;
			productReference = B2198751283E633A00BB4C96 /* StocksApp.app */;
			productType = "com.apple.product-type.application";
		};
/* End PBXNativeTarget section */

/* Begin PBXProject section */
		B2198749283E633A00BB4C96 /* Project object */ = {
			isa = PBXProject;
			attributes = {
				BuildIndependentTargetsInParallel = 1;
				LastSwiftUpdateCheck = 1340;
				LastUpgradeCheck = 1340;
				TargetAttributes = {
					B2198750283E633A00BB4C96 = {
						CreatedOnToolsVersion = 13.4;
					};
				};
			};
			buildConfigurationList = B219874C283E633A00BB4C96 /* Build configuration list for PBXProject "StocksApp" */;
			compatibilityVersion = "Xcode 13.0";
			developmentRegion = en;
			hasScannedForEncodings = 0;
			knownRegions = (
				en,
				Base,
			);
			mainGroup = B2198748283E633A00BB4C96;
			productRefGroup = B2198752283E633A00BB4C96 /* Products */;
			projectDirPath = "";
			projectRoot = "";
			targets = (
				B2198750283E633A00BB4C96 /* StocksApp */,
			);
		};
/* End PBXProject section */

/* Begin PBXResourcesBuildPhase section */
		B219874F283E633A00BB4C96 /* Resources */ = {
			isa = PBXResourcesBuildPhase;
			buildActionMask = 2147483647;
			files = (
				B2198761283E633D00BB4C96 /* LaunchScreen.storyboard in Resources */,
				B2B39B322840AFAD003979F4 /* View.xib in Resources */,
				B219875E283E633D00BB4C96 /* Assets.xcassets in Resources */,
			);
			runOnlyForDeploymentPostprocessing = 0;
		};
/* End PBXResourcesBuildPhase section */

/* Begin PBXSourcesBuildPhase section */
		B219874D283E633A00BB4C96 /* Sources */ = {
			isa = PBXSourcesBuildPhase;
			buildActionMask = 2147483647;
			files = (
				B2B39B342840C10C003979F4 /* SearchViewController.swift in Sources */,
				B2B39B222840989E003979F4 /* HTTPMethod.swift in Sources */,
				B2198759283E633A00BB4C96 /* StocksViewController.swift in Sources */,
				B2B39B302840ABB8003979F4 /* DetailsViewController.swift in Sources */,
				B2198755283E633A00BB4C96 /* AppDelegate.swift in Sources */,
				B2198769283E63E300BB4C96 /* StockCell.swift in Sources */,
				B2B39B362840C127003979F4 /* FavoritesViewController.swift in Sources */,
				B2B39B26284098D3003979F4 /* Router.swift in Sources */,
				B2B39B24284098B6003979F4 /* NetworkError.swift in Sources */,
				B2B39B382840C71E003979F4 /* TabBarViewController.swift in Sources */,
				B2B39B2B28409942003979F4 /* StocksService.swift in Sources */,
				B2B39B28284098F5003979F4 /* NetworkService.swift in Sources */,
			);
			runOnlyForDeploymentPostprocessing = 0;
		};
/* End PBXSourcesBuildPhase section */

/* Begin PBXVariantGroup section */
		B219875F283E633D00BB4C96 /* LaunchScreen.storyboard */ = {
			isa = PBXVariantGroup;
			children = (
				B2198760283E633D00BB4C96 /* Base */,
			);
			name = LaunchScreen.storyboard;
			sourceTree = "<group>";
		};
/* End PBXVariantGroup section */

/* Begin XCBuildConfiguration section */
		B2198763283E633D00BB4C96 /* Debug */ = {
			isa = XCBuildConfiguration;
			buildSettings = {
				ALWAYS_SEARCH_USER_PATHS = NO;
				CLANG_ANALYZER_NONNULL = YES;
				CLANG_ANALYZER_NUMBER_OBJECT_CONVERSION = YES_AGGRESSIVE;
				CLANG_CXX_LANGUAGE_STANDARD = "gnu++17";
				CLANG_ENABLE_MODULES = YES;
				CLANG_ENABLE_OBJC_ARC = YES;
				CLANG_ENABLE_OBJC_WEAK = YES;
				CLANG_WARN_BLOCK_CAPTURE_AUTORELEASING = YES;
				CLANG_WARN_BOOL_CONVERSION = YES;
				CLANG_WARN_COMMA = YES;
				CLANG_WARN_CONSTANT_CONVERSION = YES;
				CLANG_WARN_DEPRECATED_OBJC_IMPLEMENTATIONS = YES;
				CLANG_WARN_DIRECT_OBJC_ISA_USAGE = YES_ERROR;
				CLANG_WARN_DOCUMENTATION_COMMENTS = YES;
				CLANG_WARN_EMPTY_BODY = YES;
				CLANG_WARN_ENUM_CONVERSION = YES;
				CLANG_WARN_INFINITE_RECURSION = YES;
				CLANG_WARN_INT_CONVERSION = YES;
				CLANG_WARN_NON_LITERAL_NULL_CONVERSION = YES;
				CLANG_WARN_OBJC_IMPLICIT_RETAIN_SELF = YES;
				CLANG_WARN_OBJC_LITERAL_CONVERSION = YES;
				CLANG_WARN_OBJC_ROOT_CLASS = YES_ERROR;
				CLANG_WARN_QUOTED_INCLUDE_IN_FRAMEWORK_HEADER = YES;
				CLANG_WARN_RANGE_LOOP_ANALYSIS = YES;
				CLANG_WARN_STRICT_PROTOTYPES = YES;
				CLANG_WARN_SUSPICIOUS_MOVE = YES;
				CLANG_WARN_UNGUARDED_AVAILABILITY = YES_AGGRESSIVE;
				CLANG_WARN_UNREACHABLE_CODE = YES;
				CLANG_WARN__DUPLICATE_METHOD_MATCH = YES;
				COPY_PHASE_STRIP = NO;
				DEBUG_INFORMATION_FORMAT = dwarf;
				ENABLE_STRICT_OBJC_MSGSEND = YES;
				ENABLE_TESTABILITY = YES;
				GCC_C_LANGUAGE_STANDARD = gnu11;
				GCC_DYNAMIC_NO_PIC = NO;
				GCC_NO_COMMON_BLOCKS = YES;
				GCC_OPTIMIZATION_LEVEL = 0;
				GCC_PREPROCESSOR_DEFINITIONS = (
					"DEBUG=1",
					"$(inherited)",
				);
				GCC_WARN_64_TO_32_BIT_CONVERSION = YES;
				GCC_WARN_ABOUT_RETURN_TYPE = YES_ERROR;
				GCC_WARN_UNDECLARED_SELECTOR = YES;
				GCC_WARN_UNINITIALIZED_AUTOS = YES_AGGRESSIVE;
				GCC_WARN_UNUSED_FUNCTION = YES;
				GCC_WARN_UNUSED_VARIABLE = YES;
				IPHONEOS_DEPLOYMENT_TARGET = 15.5;
				MTL_ENABLE_DEBUG_INFO = INCLUDE_SOURCE;
				MTL_FAST_MATH = YES;
				ONLY_ACTIVE_ARCH = YES;
				SDKROOT = iphoneos;
				SWIFT_ACTIVE_COMPILATION_CONDITIONS = DEBUG;
				SWIFT_OPTIMIZATION_LEVEL = "-Onone";
			};
			name = Debug;
		};
		B2198764283E633D00BB4C96 /* Release */ = {
			isa = XCBuildConfiguration;
			buildSettings = {
				ALWAYS_SEARCH_USER_PATHS = NO;
				CLANG_ANALYZER_NONNULL = YES;
				CLANG_ANALYZER_NUMBER_OBJECT_CONVERSION = YES_AGGRESSIVE;
				CLANG_CXX_LANGUAGE_STANDARD = "gnu++17";
				CLANG_ENABLE_MODULES = YES;
				CLANG_ENABLE_OBJC_ARC = YES;
				CLANG_ENABLE_OBJC_WEAK = YES;
				CLANG_WARN_BLOCK_CAPTURE_AUTORELEASING = YES;
				CLANG_WARN_BOOL_CONVERSION = YES;
				CLANG_WARN_COMMA = YES;
				CLANG_WARN_CONSTANT_CONVERSION = YES;
				CLANG_WARN_DEPRECATED_OBJC_IMPLEMENTATIONS = YES;
				CLANG_WARN_DIRECT_OBJC_ISA_USAGE = YES_ERROR;
				CLANG_WARN_DOCUMENTATION_COMMENTS = YES;
				CLANG_WARN_EMPTY_BODY = YES;
				CLANG_WARN_ENUM_CONVERSION = YES;
				CLANG_WARN_INFINITE_RECURSION = YES;
				CLANG_WARN_INT_CONVERSION = YES;
				CLANG_WARN_NON_LITERAL_NULL_CONVERSION = YES;
				CLANG_WARN_OBJC_IMPLICIT_RETAIN_SELF = YES;
				CLANG_WARN_OBJC_LITERAL_CONVERSION = YES;
				CLANG_WARN_OBJC_ROOT_CLASS = YES_ERROR;
				CLANG_WARN_QUOTED_INCLUDE_IN_FRAMEWORK_HEADER = YES;
				CLANG_WARN_RANGE_LOOP_ANALYSIS = YES;
				CLANG_WARN_STRICT_PROTOTYPES = YES;
				CLANG_WARN_SUSPICIOUS_MOVE = YES;
				CLANG_WARN_UNGUARDED_AVAILABILITY = YES_AGGRESSIVE;
				CLANG_WARN_UNREACHABLE_CODE = YES;
				CLANG_WARN__DUPLICATE_METHOD_MATCH = YES;
				COPY_PHASE_STRIP = NO;
				DEBUG_INFORMATION_FORMAT = "dwarf-with-dsym";
				ENABLE_NS_ASSERTIONS = NO;
				ENABLE_STRICT_OBJC_MSGSEND = YES;
				GCC_C_LANGUAGE_STANDARD = gnu11;
				GCC_NO_COMMON_BLOCKS = YES;
				GCC_WARN_64_TO_32_BIT_CONVERSION = YES;
				GCC_WARN_ABOUT_RETURN_TYPE = YES_ERROR;
				GCC_WARN_UNDECLARED_SELECTOR = YES;
				GCC_WARN_UNINITIALIZED_AUTOS = YES_AGGRESSIVE;
				GCC_WARN_UNUSED_FUNCTION = YES;
				GCC_WARN_UNUSED_VARIABLE = YES;
				IPHONEOS_DEPLOYMENT_TARGET = 15.5;
				MTL_ENABLE_DEBUG_INFO = NO;
				MTL_FAST_MATH = YES;
				SDKROOT = iphoneos;
				SWIFT_COMPILATION_MODE = wholemodule;
				SWIFT_OPTIMIZATION_LEVEL = "-O";
				VALIDATE_PRODUCT = YES;
			};
			name = Release;
		};
		B2198766283E633D00BB4C96 /* Debug */ = {
			isa = XCBuildConfiguration;
			buildSettings = {
				ASSETCATALOG_COMPILER_APPICON_NAME = AppIcon;
				ASSETCATALOG_COMPILER_GLOBAL_ACCENT_COLOR_NAME = AccentColor;
				CODE_SIGN_STYLE = Automatic;
				CURRENT_PROJECT_VERSION = 1;
				DEVELOPMENT_TEAM = APV84TNMCN;
				GENERATE_INFOPLIST_FILE = YES;
				INFOPLIST_FILE = StocksApp/Info.plist;
				INFOPLIST_KEY_UIApplicationSupportsIndirectInputEvents = YES;
				INFOPLIST_KEY_UILaunchStoryboardName = LaunchScreen;
				INFOPLIST_KEY_UISupportedInterfaceOrientations_iPad = "UIInterfaceOrientationPortrait UIInterfaceOrientationPortraitUpsideDown UIInterfaceOrientationLandscapeLeft UIInterfaceOrientationLandscapeRight";
				INFOPLIST_KEY_UISupportedInterfaceOrientations_iPhone = "UIInterfaceOrientationPortrait UIInterfaceOrientationLandscapeLeft UIInterfaceOrientationLandscapeRight";
				IPHONEOS_DEPLOYMENT_TARGET = 13.0;
				LD_RUNPATH_SEARCH_PATHS = (
					"$(inherited)",
					"@executable_path/Frameworks",
				);
				MARKETING_VERSION = 1.0;
				PRODUCT_BUNDLE_IDENTIFIER = com.bauyrzhanabdi.StocksApp;
				PRODUCT_NAME = "$(TARGET_NAME)";
				SWIFT_EMIT_LOC_STRINGS = YES;
				SWIFT_VERSION = 5.0;
				TARGETED_DEVICE_FAMILY = 1;
			};
			name = Debug;
		};
		B2198767283E633D00BB4C96 /* Release */ = {
			isa = XCBuildConfiguration;
			buildSettings = {
				ASSETCATALOG_COMPILER_APPICON_NAME = AppIcon;
				ASSETCATALOG_COMPILER_GLOBAL_ACCENT_COLOR_NAME = AccentColor;
				CODE_SIGN_STYLE = Automatic;
				CURRENT_PROJECT_VERSION = 1;
				DEVELOPMENT_TEAM = APV84TNMCN;
				GENERATE_INFOPLIST_FILE = YES;
				INFOPLIST_FILE = StocksApp/Info.plist;
				INFOPLIST_KEY_UIApplicationSupportsIndirectInputEvents = YES;
				INFOPLIST_KEY_UILaunchStoryboardName = LaunchScreen;
				INFOPLIST_KEY_UISupportedInterfaceOrientations_iPad = "UIInterfaceOrientationPortrait UIInterfaceOrientationPortraitUpsideDown UIInterfaceOrientationLandscapeLeft UIInterfaceOrientationLandscapeRight";
				INFOPLIST_KEY_UISupportedInterfaceOrientations_iPhone = "UIInterfaceOrientationPortrait UIInterfaceOrientationLandscapeLeft UIInterfaceOrientationLandscapeRight";
				IPHONEOS_DEPLOYMENT_TARGET = 13.0;
				LD_RUNPATH_SEARCH_PATHS = (
					"$(inherited)",
					"@executable_path/Frameworks",
				);
				MARKETING_VERSION = 1.0;
				PRODUCT_BUNDLE_IDENTIFIER = com.bauyrzhanabdi.StocksApp;
				PRODUCT_NAME = "$(TARGET_NAME)";
				SWIFT_EMIT_LOC_STRINGS = YES;
				SWIFT_VERSION = 5.0;
				TARGETED_DEVICE_FAMILY = 1;
			};
			name = Release;
		};
/* End XCBuildConfiguration section */

/* Begin XCConfigurationList section */
		B219874C283E633A00BB4C96 /* Build configuration list for PBXProject "StocksApp" */ = {
			isa = XCConfigurationList;
			buildConfigurations = (
				B2198763283E633D00BB4C96 /* Debug */,
				B2198764283E633D00BB4C96 /* Release */,
			);
			defaultConfigurationIsVisible = 0;
			defaultConfigurationName = Release;
		};
		B2198765283E633D00BB4C96 /* Build configuration list for PBXNativeTarget "StocksApp" */ = {
			isa = XCConfigurationList;
			buildConfigurations = (
				B2198766283E633D00BB4C96 /* Debug */,
				B2198767283E633D00BB4C96 /* Release */,
			);
			defaultConfigurationIsVisible = 0;
			defaultConfigurationName = Release;
		};
/* End XCConfigurationList section */
	};
	rootObject = B2198749283E633A00BB4C96 /* Project object */;
}
